
Microsoft Visual Studio Solution File, Format Version 12.00
# Visual Studio Version 17
VisualStudioVersion = 17.0.31903.59
MinimumVisualStudioVersion = 10.0.40219.1
Project("{2150E333-8FDC-42A3-9474-1A3956D46DE8}") = "NLayer", "NLayer", "{E4E95F69-322D-4364-B17B-22D1A126644E}"
EndProject
Project("{2150E333-8FDC-42A3-9474-1A3956D46DE8}") = "CleanArchitecture", "CleanArchitecture", "{DDF416A0-B01F-4B9E-9D1D-BE1CA4C215EE}"
EndProject
Project("{2150E333-8FDC-42A3-9474-1A3956D46DE8}") = "src", "src", "{2D06AF32-4F13-4651-9280-71A6E7E8031C}"
EndProject
Project("{2150E333-8FDC-42A3-9474-1A3956D46DE8}") = "test", "test", "{20E92B62-B8E5-4BAB-8EA5-84B6C66755C8}"
EndProject
Project("{2150E333-8FDC-42A3-9474-1A3956D46DE8}") = "Core", "Core", "{EF301122-F1FF-439F-AFE1-A679CD2B9DBD}"
EndProject
Project("{2150E333-8FDC-42A3-9474-1A3956D46DE8}") = "Infrastructure", "Infrastructure", "{2CE63F4D-ED4C-4102-83CA-B0D1BE28DD76}"
EndProject
Project("{2150E333-8FDC-42A3-9474-1A3956D46DE8}") = "Presentation", "Presentation", "{D3706A99-EA6C-4F4F-9025-23D6278D29E4}"
EndProject
Project("{FAE04EC0-301F-11D3-BF4B-00C04F79EFBC}") = "App.Api", "NLayer\App.Api\App.Api.csproj", "{C1258677-7420-48C0-A52A-F97EBB69CE65}"
EndProject
Project("{FAE04EC0-301F-11D3-BF4B-00C04F79EFBC}") = "App.Repositories", "NLayer\App.Repositories\App.Repositories.csproj", "{7875BDFE-42F6-4E4D-B25B-925B5C71C283}"
EndProject
Project("{FAE04EC0-301F-11D3-BF4B-00C04F79EFBC}") = "App.Services", "NLayer\App.Services\App.Services.csproj", "{9CB760B9-E9E0-4565-8AD5-E362AA4A74EE}"
EndProject
Project("{FAE04EC0-301F-11D3-BF4B-00C04F79EFBC}") = "App.Domain", "CleanArchitecture\src\Core\App.Domain\App.Domain.csproj", "{A51A0559-71F9-4013-87A5-1D09BE5FE940}"
EndProject
Project("{FAE04EC0-301F-11D3-BF4B-00C04F79EFBC}") = "App.Application", "CleanArchitecture\src\Core\App.Application\App.Application.csproj", "{80DBC18F-B1AA-4C26-BA6A-45C21E09B2D7}"
EndProject
Project("{FAE04EC0-301F-11D3-BF4B-00C04F79EFBC}") = "App.Persistence", "CleanArchitecture\src\Infrastructure\App.Persistence\App.Persistence.csproj", "{5C44B817-7B3B-43F6-9BEE-8ECA3EE1C1D0}"
EndProject
Project("{FAE04EC0-301F-11D3-BF4B-00C04F79EFBC}") = "App.Api", "CleanArchitecture\src\Presentation\App.Api\App.Api.csproj", "{CD90F712-1C2E-4602-A3F1-18FA9DD6D036}"
EndProject
Project("{FAE04EC0-301F-11D3-BF4B-00C04F79EFBC}") = "App.Caching", "CleanArchitecture\src\Infrastructure\App.Caching\App.Caching.csproj", "{05E2DDE6-7D2E-4636-94B6-76E1B6671801}"
EndProject
Project("{FAE04EC0-301F-11D3-BF4B-00C04F79EFBC}") = "App.Bus", "App.Bus\App.Bus.csproj", "{BAB87F6E-5F25-40E5-A14E-88E7215C91EE}"
EndProject
Global
	GlobalSection(SolutionConfigurationPlatforms) = preSolution
		Debug|Any CPU = Debug|Any CPU
		Release|Any CPU = Release|Any CPU
	EndGlobalSection
	GlobalSection(SolutionProperties) = preSolution
		HideSolutionNode = FALSE
	EndGlobalSection
	GlobalSection(ProjectConfigurationPlatforms) = postSolution
		{C1258677-7420-48C0-A52A-F97EBB69CE65}.Debug|Any CPU.ActiveCfg = Debug|Any CPU
		{C1258677-7420-48C0-A52A-F97EBB69CE65}.Debug|Any CPU.Build.0 = Debug|Any CPU
		{C1258677-7420-48C0-A52A-F97EBB69CE65}.Release|Any CPU.ActiveCfg = Release|Any CPU
		{C1258677-7420-48C0-A52A-F97EBB69CE65}.Release|Any CPU.Build.0 = Release|Any CPU
		{7875BDFE-42F6-4E4D-B25B-925B5C71C283}.Debug|Any CPU.ActiveCfg = Debug|Any CPU
		{7875BDFE-42F6-4E4D-B25B-925B5C71C283}.Debug|Any CPU.Build.0 = Debug|Any CPU
		{7875BDFE-42F6-4E4D-B25B-925B5C71C283}.Release|Any CPU.ActiveCfg = Release|Any CPU
		{7875BDFE-42F6-4E4D-B25B-925B5C71C283}.Release|Any CPU.Build.0 = Release|Any CPU
		{9CB760B9-E9E0-4565-8AD5-E362AA4A74EE}.Debug|Any CPU.ActiveCfg = Debug|Any CPU
		{9CB760B9-E9E0-4565-8AD5-E362AA4A74EE}.Debug|Any CPU.Build.0 = Debug|Any CPU
		{9CB760B9-E9E0-4565-8AD5-E362AA4A74EE}.Release|Any CPU.ActiveCfg = Release|Any CPU
		{9CB760B9-E9E0-4565-8AD5-E362AA4A74EE}.Release|Any CPU.Build.0 = Release|Any CPU
		{A51A0559-71F9-4013-87A5-1D09BE5FE940}.Debug|Any CPU.ActiveCfg = Debug|Any CPU
		{A51A0559-71F9-4013-87A5-1D09BE5FE940}.Debug|Any CPU.Build.0 = Debug|Any CPU
		{A51A0559-71F9-4013-87A5-1D09BE5FE940}.Release|Any CPU.ActiveCfg = Release|Any CPU
		{A51A0559-71F9-4013-87A5-1D09BE5FE940}.Release|Any CPU.Build.0 = Release|Any CPU
		{80DBC18F-B1AA-4C26-BA6A-45C21E09B2D7}.Debug|Any CPU.ActiveCfg = Debug|Any CPU
		{80DBC18F-B1AA-4C26-BA6A-45C21E09B2D7}.Debug|Any CPU.Build.0 = Debug|Any CPU
		{80DBC18F-B1AA-4C26-BA6A-45C21E09B2D7}.Release|Any CPU.ActiveCfg = Release|Any CPU
		{80DBC18F-B1AA-4C26-BA6A-45C21E09B2D7}.Release|Any CPU.Build.0 = Release|Any CPU
		{5C44B817-7B3B-43F6-9BEE-8ECA3EE1C1D0}.Debug|Any CPU.ActiveCfg = Debug|Any CPU
		{5C44B817-7B3B-43F6-9BEE-8ECA3EE1C1D0}.Debug|Any CPU.Build.0 = Debug|Any CPU
		{5C44B817-7B3B-43F6-9BEE-8ECA3EE1C1D0}.Release|Any CPU.ActiveCfg = Release|Any CPU
		{5C44B817-7B3B-43F6-9BEE-8ECA3EE1C1D0}.Release|Any CPU.Build.0 = Release|Any CPU
		{CD90F712-1C2E-4602-A3F1-18FA9DD6D036}.Debug|Any CPU.ActiveCfg = Debug|Any CPU
		{CD90F712-1C2E-4602-A3F1-18FA9DD6D036}.Debug|Any CPU.Build.0 = Debug|Any CPU
		{CD90F712-1C2E-4602-A3F1-18FA9DD6D036}.Release|Any CPU.ActiveCfg = Release|Any CPU
		{CD90F712-1C2E-4602-A3F1-18FA9DD6D036}.Release|Any CPU.Build.0 = Release|Any CPU
		{05E2DDE6-7D2E-4636-94B6-76E1B6671801}.Debug|Any CPU.ActiveCfg = Debug|Any CPU
		{05E2DDE6-7D2E-4636-94B6-76E1B6671801}.Debug|Any CPU.Build.0 = Debug|Any CPU
		{05E2DDE6-7D2E-4636-94B6-76E1B6671801}.Release|Any CPU.ActiveCfg = Release|Any CPU
		{05E2DDE6-7D2E-4636-94B6-76E1B6671801}.Release|Any CPU.Build.0 = Release|Any CPU
		{BAB87F6E-5F25-40E5-A14E-88E7215C91EE}.Debug|Any CPU.ActiveCfg = Debug|Any CPU
		{BAB87F6E-5F25-40E5-A14E-88E7215C91EE}.Debug|Any CPU.Build.0 = Debug|Any CPU
		{BAB87F6E-5F25-40E5-A14E-88E7215C91EE}.Release|Any CPU.ActiveCfg = Release|Any CPU
		{BAB87F6E-5F25-40E5-A14E-88E7215C91EE}.Release|Any CPU.Build.0 = Release|Any CPU
	EndGlobalSection
	GlobalSection(NestedProjects) = preSolution
		{2D06AF32-4F13-4651-9280-71A6E7E8031C} = {DDF416A0-B01F-4B9E-9D1D-BE1CA4C215EE}
		{20E92B62-B8E5-4BAB-8EA5-84B6C66755C8} = {DDF416A0-B01F-4B9E-9D1D-BE1CA4C215EE}
		{EF301122-F1FF-439F-AFE1-A679CD2B9DBD} = {2D06AF32-4F13-4651-9280-71A6E7E8031C}
		{2CE63F4D-ED4C-4102-83CA-B0D1BE28DD76} = {2D06AF32-4F13-4651-9280-71A6E7E8031C}
		{D3706A99-EA6C-4F4F-9025-23D6278D29E4} = {2D06AF32-4F13-4651-9280-71A6E7E8031C}
		{C1258677-7420-48C0-A52A-F97EBB69CE65} = {E4E95F69-322D-4364-B17B-22D1A126644E}
		{7875BDFE-42F6-4E4D-B25B-925B5C71C283} = {E4E95F69-322D-4364-B17B-22D1A126644E}
		{9CB760B9-E9E0-4565-8AD5-E362AA4A74EE} = {E4E95F69-322D-4364-B17B-22D1A126644E}
		{A51A0559-71F9-4013-87A5-1D09BE5FE940} = {EF301122-F1FF-439F-AFE1-A679CD2B9DBD}
		{80DBC18F-B1AA-4C26-BA6A-45C21E09B2D7} = {EF301122-F1FF-439F-AFE1-A679CD2B9DBD}
		{5C44B817-7B3B-43F6-9BEE-8ECA3EE1C1D0} = {2CE63F4D-ED4C-4102-83CA-B0D1BE28DD76}
		{CD90F712-1C2E-4602-A3F1-18FA9DD6D036} = {D3706A99-EA6C-4F4F-9025-23D6278D29E4}
		{05E2DDE6-7D2E-4636-94B6-76E1B6671801} = {2CE63F4D-ED4C-4102-83CA-B0D1BE28DD76}
		{BAB87F6E-5F25-40E5-A14E-88E7215C91EE} = {2CE63F4D-ED4C-4102-83CA-B0D1BE28DD76}
	EndGlobalSection
EndGlobal
